
Microsoft Visual Studio Solution File, Format Version 12.00
# Visual Studio Version 17
VisualStudioVersion = 17.9.34607.119
MinimumVisualStudioVersion = 10.0.40219.1
Project("{9A19103F-16F7-4668-BE54-9A1E7A4F7556}") = "SysCafeteria.EntidadDeNegocio", "SysCafeteria.EntidadDeNegocio\SysCafeteria.EntidadDeNegocio.csproj", "{D52FFBE6-E58D-401D-A50E-5A0E67F6A365}"
EndProject
Project("{9A19103F-16F7-4668-BE54-9A1E7A4F7556}") = "SysCafeteria.AccesoADatos", "SysCafeteria.AccesoADatos\SysCafeteria.AccesoADatos.csproj", "{A858FD74-ADBE-474F-BD03-69073713F4F9}"
EndProject
Project("{9A19103F-16F7-4668-BE54-9A1E7A4F7556}") = "SysCafeteria.LogicaDeNegocio", "SysCafeteria.LogicaDeNegocio\SysCafeteria.LogicaDeNegocio.csproj", "{18CEC9C9-A500-4576-AE97-78592F4BA152}"
EndProject
Project("{FAE04EC0-301F-11D3-BF4B-00C04F79EFBC}") = "SysCafeteria.WebAPI", "SysCafeteria.WebAPI\SysCafeteria.WebAPI.csproj", "{EE67EF64-5FCC-431D-A2FA-632C7C1EC533}"
EndProject
Global
	GlobalSection(SolutionConfigurationPlatforms) = preSolution
		Debug|Any CPU = Debug|Any CPU
		Release|Any CPU = Release|Any CPU
	EndGlobalSection
	GlobalSection(ProjectConfigurationPlatforms) = postSolution
		{D52FFBE6-E58D-401D-A50E-5A0E67F6A365}.Debug|Any CPU.ActiveCfg = Debug|Any CPU
		{D52FFBE6-E58D-401D-A50E-5A0E67F6A365}.Debug|Any CPU.Build.0 = Debug|Any CPU
		{D52FFBE6-E58D-401D-A50E-5A0E67F6A365}.Release|Any CPU.ActiveCfg = Release|Any CPU
		{D52FFBE6-E58D-401D-A50E-5A0E67F6A365}.Release|Any CPU.Build.0 = Release|Any CPU
		{A858FD74-ADBE-474F-BD03-69073713F4F9}.Debug|Any CPU.ActiveCfg = Debug|Any CPU
		{A858FD74-ADBE-474F-BD03-69073713F4F9}.Debug|Any CPU.Build.0 = Debug|Any CPU
		{A858FD74-ADBE-474F-BD03-69073713F4F9}.Release|Any CPU.ActiveCfg = Release|Any CPU
		{A858FD74-ADBE-474F-BD03-69073713F4F9}.Release|Any CPU.Build.0 = Release|Any CPU
		{18CEC9C9-A500-4576-AE97-78592F4BA152}.Debug|Any CPU.ActiveCfg = Debug|Any CPU
		{18CEC9C9-A500-4576-AE97-78592F4BA152}.Debug|Any CPU.Build.0 = Debug|Any CPU
		{18CEC9C9-A500-4576-AE97-78592F4BA152}.Release|Any CPU.ActiveCfg = Release|Any CPU
		{18CEC9C9-A500-4576-AE97-78592F4BA152}.Release|Any CPU.Build.0 = Release|Any CPU
		{EE67EF64-5FCC-431D-A2FA-632C7C1EC533}.Debug|Any CPU.ActiveCfg = Debug|Any CPU
		{EE67EF64-5FCC-431D-A2FA-632C7C1EC533}.Debug|Any CPU.Build.0 = Debug|Any CPU
		{EE67EF64-5FCC-431D-A2FA-632C7C1EC533}.Release|Any CPU.ActiveCfg = Release|Any CPU
		{EE67EF64-5FCC-431D-A2FA-632C7C1EC533}.Release|Any CPU.Build.0 = Release|Any CPU
	EndGlobalSection
	GlobalSection(SolutionProperties) = preSolution
		HideSolutionNode = FALSE
	EndGlobalSection
	GlobalSection(ExtensibilityGlobals) = postSolution
		SolutionGuid = {8A57A6C6-7BAA-4277-B4D8-B4CA0A244A72}
	EndGlobalSection
EndGlobal
